// !$*UTF8*$!
{
	archiveVersion = 1;
	classes = {
	};
	objectVersion = 50;
	objects = {

/* Begin PBXBuildFile section */
		FC53E27C233E5DB6002CA74C /* AppDelegate.swift in Sources */ = {isa = PBXBuildFile; fileRef = FC53E27B233E5DB6002CA74C /* AppDelegate.swift */; };
		FC53E27E233E5DB6002CA74C /* SceneDelegate.swift in Sources */ = {isa = PBXBuildFile; fileRef = FC53E27D233E5DB6002CA74C /* SceneDelegate.swift */; };
		FC53E283233E5DB6002CA74C /* Main.storyboard in Resources */ = {isa = PBXBuildFile; fileRef = FC53E281233E5DB6002CA74C /* Main.storyboard */; };
		FC53E286233E5DB6002CA74C /* ShoppingList.xcdatamodeld in Sources */ = {isa = PBXBuildFile; fileRef = FC53E284233E5DB6002CA74C /* ShoppingList.xcdatamodeld */; };
		FC53E288233E5DBC002CA74C /* Assets.xcassets in Resources */ = {isa = PBXBuildFile; fileRef = FC53E287233E5DBC002CA74C /* Assets.xcassets */; };
		FC53E28B233E5DBC002CA74C /* LaunchScreen.storyboard in Resources */ = {isa = PBXBuildFile; fileRef = FC53E289233E5DBC002CA74C /* LaunchScreen.storyboard */; };
		FC53E29A233E6156002CA74C /* ShoppingItem+Convenience.swift in Sources */ = {isa = PBXBuildFile; fileRef = FC53E299233E6156002CA74C /* ShoppingItem+Convenience.swift */; };
		FC53E29E233E61C7002CA74C /* CoreDataStack.swift in Sources */ = {isa = PBXBuildFile; fileRef = FC53E29D233E61C7002CA74C /* CoreDataStack.swift */; };
		FC53E2A3233E63BD002CA74C /* ShoppingItemController.swift in Sources */ = {isa = PBXBuildFile; fileRef = FC53E2A2233E63BD002CA74C /* ShoppingItemController.swift */; };
		FC53E2A6233E66B9002CA74C /* ShoppingItemListTableViewController.swift in Sources */ = {isa = PBXBuildFile; fileRef = FC53E2A5233E66B9002CA74C /* ShoppingItemListTableViewController.swift */; };
		FC53E2A8233E6853002CA74C /* ShoppingItemTableViewCell.swift in Sources */ = {isa = PBXBuildFile; fileRef = FC53E2A7233E6853002CA74C /* ShoppingItemTableViewCell.swift */; };
/* End PBXBuildFile section */

/* Begin PBXFileReference section */
		FC53E278233E5DB6002CA74C /* ShoppingList.app */ = {isa = PBXFileReference; explicitFileType = wrapper.application; includeInIndex = 0; path = ShoppingList.app; sourceTree = BUILT_PRODUCTS_DIR; };
		FC53E27B233E5DB6002CA74C /* AppDelegate.swift */ = {isa = PBXFileReference; lastKnownFileType = sourcecode.swift; path = AppDelegate.swift; sourceTree = "<group>"; };
		FC53E27D233E5DB6002CA74C /* SceneDelegate.swift */ = {isa = PBXFileReference; lastKnownFileType = sourcecode.swift; path = SceneDelegate.swift; sourceTree = "<group>"; };
		FC53E282233E5DB6002CA74C /* Base */ = {isa = PBXFileReference; lastKnownFileType = file.storyboard; name = Base; path = Base.lproj/Main.storyboard; sourceTree = "<group>"; };
		FC53E285233E5DB6002CA74C /* ShoppingList.xcdatamodel */ = {isa = PBXFileReference; lastKnownFileType = wrapper.xcdatamodel; path = ShoppingList.xcdatamodel; sourceTree = "<group>"; };
		FC53E287233E5DBC002CA74C /* Assets.xcassets */ = {isa = PBXFileReference; lastKnownFileType = folder.assetcatalog; path = Assets.xcassets; sourceTree = "<group>"; };
		FC53E28A233E5DBC002CA74C /* Base */ = {isa = PBXFileReference; lastKnownFileType = file.storyboard; name = Base; path = Base.lproj/LaunchScreen.storyboard; sourceTree = "<group>"; };
		FC53E28C233E5DBC002CA74C /* Info.plist */ = {isa = PBXFileReference; lastKnownFileType = text.plist.xml; path = Info.plist; sourceTree = "<group>"; };
		FC53E299233E6156002CA74C /* ShoppingItem+Convenience.swift */ = {isa = PBXFileReference; lastKnownFileType = sourcecode.swift; path = "ShoppingItem+Convenience.swift"; sourceTree = "<group>"; };
		FC53E29D233E61C7002CA74C /* CoreDataStack.swift */ = {isa = PBXFileReference; lastKnownFileType = sourcecode.swift; path = CoreDataStack.swift; sourceTree = "<group>"; };
		FC53E2A2233E63BD002CA74C /* ShoppingItemController.swift */ = {isa = PBXFileReference; lastKnownFileType = sourcecode.swift; path = ShoppingItemController.swift; sourceTree = "<group>"; };
		FC53E2A5233E66B9002CA74C /* ShoppingItemListTableViewController.swift */ = {isa = PBXFileReference; lastKnownFileType = sourcecode.swift; path = ShoppingItemListTableViewController.swift; sourceTree = "<group>"; };
		FC53E2A7233E6853002CA74C /* ShoppingItemTableViewCell.swift */ = {isa = PBXFileReference; lastKnownFileType = sourcecode.swift; path = ShoppingItemTableViewCell.swift; sourceTree = "<group>"; };
/* End PBXFileReference section */

/* Begin PBXFrameworksBuildPhase section */
		FC53E275233E5DB6002CA74C /* Frameworks */ = {
			isa = PBXFrameworksBuildPhase;
			buildActionMask = 2147483647;
			files = (
			);
			runOnlyForDeploymentPostprocessing = 0;
		};
/* End PBXFrameworksBuildPhase section */

/* Begin PBXGroup section */
		FC53E26F233E5DB5002CA74C = {
			isa = PBXGroup;
			children = (
				FC53E27A233E5DB6002CA74C /* ShoppingList */,
				FC53E279233E5DB6002CA74C /* Products */,
			);
			sourceTree = "<group>";
		};
		FC53E279233E5DB6002CA74C /* Products */ = {
			isa = PBXGroup;
			children = (
				FC53E278233E5DB6002CA74C /* ShoppingList.app */,
			);
			name = Products;
			sourceTree = "<group>";
		};
		FC53E27A233E5DB6002CA74C /* ShoppingList */ = {
			isa = PBXGroup;
			children = (
				FC53E294233E5EA7002CA74C /* Models */,
				FC53E295233E5EAC002CA74C /* Controllers */,
				FC53E296233E5EB8002CA74C /* Views */,
				FC53E293233E5E21002CA74C /* Resources */,
			);
			path = ShoppingList;
			sourceTree = "<group>";
		};
		FC53E293233E5E21002CA74C /* Resources */ = {
			isa = PBXGroup;
			children = (
				FC53E27B233E5DB6002CA74C /* AppDelegate.swift */,
				FC53E27D233E5DB6002CA74C /* SceneDelegate.swift */,
				FC53E287233E5DBC002CA74C /* Assets.xcassets */,
				FC53E289233E5DBC002CA74C /* LaunchScreen.storyboard */,
				FC53E28C233E5DBC002CA74C /* Info.plist */,
			);
			name = Resources;
			sourceTree = "<group>";
		};
		FC53E294233E5EA7002CA74C /* Models */ = {
			isa = PBXGroup;
			children = (
				FC53E284233E5DB6002CA74C /* ShoppingList.xcdatamodeld */,
				FC53E29B233E6159002CA74C /* Helper Models */,
			);
			name = Models;
			sourceTree = "<group>";
		};
		FC53E295233E5EAC002CA74C /* Controllers */ = {
			isa = PBXGroup;
			children = (
				FC53E2A4233E6698002CA74C /* View Controllers */,
				FC53E29F233E627C002CA74C /* Model Controllers */,
			);
			name = Controllers;
			sourceTree = "<group>";
		};
		FC53E296233E5EB8002CA74C /* Views */ = {
			isa = PBXGroup;
			children = (
				FC53E298233E5ECF002CA74C /* Custom Views */,
				FC53E297233E5EBF002CA74C /* Storyboards */,
			);
			name = Views;
			sourceTree = "<group>";
		};
		FC53E297233E5EBF002CA74C /* Storyboards */ = {
			isa = PBXGroup;
			children = (
				FC53E281233E5DB6002CA74C /* Main.storyboard */,
			);
			name = Storyboards;
			sourceTree = "<group>";
		};
		FC53E298233E5ECF002CA74C /* Custom Views */ = {
			isa = PBXGroup;
			children = (
				FC53E2A7233E6853002CA74C /* ShoppingItemTableViewCell.swift */,
			);
			name = "Custom Views";
			sourceTree = "<group>";
		};
		FC53E29B233E6159002CA74C /* Helper Models */ = {
			isa = PBXGroup;
			children = (
				FC53E299233E6156002CA74C /* ShoppingItem+Convenience.swift */,
				FC53E29D233E61C7002CA74C /* CoreDataStack.swift */,
			);
			name = "Helper Models";
			sourceTree = "<group>";
		};
		FC53E29F233E627C002CA74C /* Model Controllers */ = {
			isa = PBXGroup;
			children = (
				FC53E2A2233E63BD002CA74C /* ShoppingItemController.swift */,
			);
			name = "Model Controllers";
			sourceTree = "<group>";
		};
		FC53E2A4233E6698002CA74C /* View Controllers */ = {
			isa = PBXGroup;
			children = (
				FC53E2A5233E66B9002CA74C /* ShoppingItemListTableViewController.swift */,
			);
			name = "View Controllers";
			sourceTree = "<group>";
		};
/* End PBXGroup section */

/* Begin PBXNativeTarget section */
		FC53E277233E5DB6002CA74C /* ShoppingList */ = {
			isa = PBXNativeTarget;
			buildConfigurationList = FC53E28F233E5DBC002CA74C /* Build configuration list for PBXNativeTarget "ShoppingList" */;
			buildPhases = (
				FC53E274233E5DB6002CA74C /* Sources */,
				FC53E275233E5DB6002CA74C /* Frameworks */,
				FC53E276233E5DB6002CA74C /* Resources */,
			);
			buildRules = (
			);
			dependencies = (
			);
			name = ShoppingList;
			productName = ShoppingList;
			productReference = FC53E278233E5DB6002CA74C /* ShoppingList.app */;
			productType = "com.apple.product-type.application";
		};
/* End PBXNativeTarget section */

/* Begin PBXProject section */
		FC53E270233E5DB5002CA74C /* Project object */ = {
			isa = PBXProject;
			attributes = {
				LastSwiftUpdateCheck = 1100;
				LastUpgradeCheck = 1100;
				ORGANIZATIONNAME = "Bethany Wride";
				TargetAttributes = {
					FC53E277233E5DB6002CA74C = {
						CreatedOnToolsVersion = 11.0;
					};
				};
			};
			buildConfigurationList = FC53E273233E5DB5002CA74C /* Build configuration list for PBXProject "ShoppingList" */;
			compatibilityVersion = "Xcode 9.3";
			developmentRegion = en;
			hasScannedForEncodings = 0;
			knownRegions = (
				en,
				Base,
			);
			mainGroup = FC53E26F233E5DB5002CA74C;
			productRefGroup = FC53E279233E5DB6002CA74C /* Products */;
			projectDirPath = "";
			projectRoot = "";
			targets = (
				FC53E277233E5DB6002CA74C /* ShoppingList */,
			);
		};
/* End PBXProject section */

/* Begin PBXResourcesBuildPhase section */
		FC53E276233E5DB6002CA74C /* Resources */ = {
			isa = PBXResourcesBuildPhase;
			buildActionMask = 2147483647;
			files = (
				FC53E28B233E5DBC002CA74C /* LaunchScreen.storyboard in Resources */,
				FC53E288233E5DBC002CA74C /* Assets.xcassets in Resources */,
				FC53E283233E5DB6002CA74C /* Main.storyboard in Resources */,
			);
			runOnlyForDeploymentPostprocessing = 0;
		};
/* End PBXResourcesBuildPhase section */

/* Begin PBXSourcesBuildPhase section */
		FC53E274233E5DB6002CA74C /* Sources */ = {
			isa = PBXSourcesBuildPhase;
			buildActionMask = 2147483647;
			files = (
				FC53E29E233E61C7002CA74C /* CoreDataStack.swift in Sources */,
				FC53E29A233E6156002CA74C /* ShoppingItem+Convenience.swift in Sources */,
				FC53E286233E5DB6002CA74C /* ShoppingList.xcdatamodeld in Sources */,
				FC53E27C233E5DB6002CA74C /* AppDelegate.swift in Sources */,
				FC53E2A8233E6853002CA74C /* ShoppingItemTableViewCell.swift in Sources */,
				FC53E2A3233E63BD002CA74C /* ShoppingItemController.swift in Sources */,
				FC53E27E233E5DB6002CA74C /* SceneDelegate.swift in Sources */,
				FC53E2A6233E66B9002CA74C /* ShoppingItemListTableViewController.swift in Sources */,
			);
			runOnlyForDeploymentPostprocessing = 0;
		};
/* End PBXSourcesBuildPhase section */

/* Begin PBXVariantGroup section */
		FC53E281233E5DB6002CA74C /* Main.storyboard */ = {
			isa = PBXVariantGroup;
			children = (
				FC53E282233E5DB6002CA74C /* Base */,
			);
			name = Main.storyboard;
			sourceTree = "<group>";
		};
		FC53E289233E5DBC002CA74C /* LaunchScreen.storyboard */ = {
			isa = PBXVariantGroup;
			children = (
				FC53E28A233E5DBC002CA74C /* Base */,
			);
			name = LaunchScreen.storyboard;
			sourceTree = "<group>";
		};
/* End PBXVariantGroup section */

/* Begin XCBuildConfiguration section */
		FC53E28D233E5DBC002CA74C /* Debug */ = {
			isa = XCBuildConfiguration;
			buildSettings = {
				ALWAYS_SEARCH_USER_PATHS = NO;
				CLANG_ANALYZER_NONNULL = YES;
				CLANG_ANALYZER_NUMBER_OBJECT_CONVERSION = YES_AGGRESSIVE;
				CLANG_CXX_LANGUAGE_STANDARD = "gnu++14";
				CLANG_CXX_LIBRARY = "libc++";
				CLANG_ENABLE_MODULES = YES;
				CLANG_ENABLE_OBJC_ARC = YES;
				CLANG_ENABLE_OBJC_WEAK = YES;
				CLANG_WARN_BLOCK_CAPTURE_AUTORELEASING = YES;
				CLANG_WARN_BOOL_CONVERSION = YES;
				CLANG_WARN_COMMA = YES;
				CLANG_WARN_CONSTANT_CONVERSION = YES;
				CLANG_WARN_DEPRECATED_OBJC_IMPLEMENTATIONS = YES;
				CLANG_WARN_DIRECT_OBJC_ISA_USAGE = YES_ERROR;
				CLANG_WARN_DOCUMENTATION_COMMENTS = YES;
				CLANG_WARN_EMPTY_BODY = YES;
				CLANG_WARN_ENUM_CONVERSION = YES;
				CLANG_WARN_INFINITE_RECURSION = YES;
				CLANG_WARN_INT_CONVERSION = YES;
				CLANG_WARN_NON_LITERAL_NULL_CONVERSION = YES;
				CLANG_WARN_OBJC_IMPLICIT_RETAIN_SELF = YES;
				CLANG_WARN_OBJC_LITERAL_CONVERSION = YES;
				CLANG_WARN_OBJC_ROOT_CLASS = YES_ERROR;
				CLANG_WARN_RANGE_LOOP_ANALYSIS = YES;
				CLANG_WARN_STRICT_PROTOTYPES = YES;
				CLANG_WARN_SUSPICIOUS_MOVE = YES;
				CLANG_WARN_UNGUARDED_AVAILABILITY = YES_AGGRESSIVE;
				CLANG_WARN_UNREACHABLE_CODE = YES;
				CLANG_WARN__DUPLICATE_METHOD_MATCH = YES;
				COPY_PHASE_STRIP = NO;
				DEBUG_INFORMATION_FORMAT = dwarf;
				ENABLE_STRICT_OBJC_MSGSEND = YES;
				ENABLE_TESTABILITY = YES;
				GCC_C_LANGUAGE_STANDARD = gnu11;
				GCC_DYNAMIC_NO_PIC = NO;
				GCC_NO_COMMON_BLOCKS = YES;
				GCC_OPTIMIZATION_LEVEL = 0;
				GCC_PREPROCESSOR_DEFINITIONS = (
					"DEBUG=1",
					"$(inherited)",
				);
				GCC_WARN_64_TO_32_BIT_CONVERSION = YES;
				GCC_WARN_ABOUT_RETURN_TYPE = YES_ERROR;
				GCC_WARN_UNDECLARED_SELECTOR = YES;
				GCC_WARN_UNINITIALIZED_AUTOS = YES_AGGRESSIVE;
				GCC_WARN_UNUSED_FUNCTION = YES;
				GCC_WARN_UNUSED_VARIABLE = YES;
				IPHONEOS_DEPLOYMENT_TARGET = 13.0;
				MTL_ENABLE_DEBUG_INFO = INCLUDE_SOURCE;
				MTL_FAST_MATH = YES;
				ONLY_ACTIVE_ARCH = YES;
				SDKROOT = iphoneos;
				SWIFT_ACTIVE_COMPILATION_CONDITIONS = DEBUG;
				SWIFT_OPTIMIZATION_LEVEL = "-Onone";
			};
			name = Debug;
		};
		FC53E28E233E5DBC002CA74C /* Release */ = {
			isa = XCBuildConfiguration;
			buildSettings = {
				ALWAYS_SEARCH_USER_PATHS = NO;
				CLANG_ANALYZER_NONNULL = YES;
				CLANG_ANALYZER_NUMBER_OBJECT_CONVERSION = YES_AGGRESSIVE;
				CLANG_CXX_LANGUAGE_STANDARD = "gnu++14";
				CLANG_CXX_LIBRARY = "libc++";
				CLANG_ENABLE_MODULES = YES;
				CLANG_ENABLE_OBJC_ARC = YES;
				CLANG_ENABLE_OBJC_WEAK = YES;
				CLANG_WARN_BLOCK_CAPTURE_AUTORELEASING = YES;
				CLANG_WARN_BOOL_CONVERSION = YES;
				CLANG_WARN_COMMA = YES;
				CLANG_WARN_CONSTANT_CONVERSION = YES;
				CLANG_WARN_DEPRECATED_OBJC_IMPLEMENTATIONS = YES;
				CLANG_WARN_DIRECT_OBJC_ISA_USAGE = YES_ERROR;
				CLANG_WARN_DOCUMENTATION_COMMENTS = YES;
				CLANG_WARN_EMPTY_BODY = YES;
				CLANG_WARN_ENUM_CONVERSION = YES;
				CLANG_WARN_INFINITE_RECURSION = YES;
				CLANG_WARN_INT_CONVERSION = YES;
				CLANG_WARN_NON_LITERAL_NULL_CONVERSION = YES;
				CLANG_WARN_OBJC_IMPLICIT_RETAIN_SELF = YES;
				CLANG_WARN_OBJC_LITERAL_CONVERSION = YES;
				CLANG_WARN_OBJC_ROOT_CLASS = YES_ERROR;
				CLANG_WARN_RANGE_LOOP_ANALYSIS = YES;
				CLANG_WARN_STRICT_PROTOTYPES = YES;
				CLANG_WARN_SUSPICIOUS_MOVE = YES;
				CLANG_WARN_UNGUARDED_AVAILABILITY = YES_AGGRESSIVE;
				CLANG_WARN_UNREACHABLE_CODE = YES;
				CLANG_WARN__DUPLICATE_METHOD_MATCH = YES;
				COPY_PHASE_STRIP = NO;
				DEBUG_INFORMATION_FORMAT = "dwarf-with-dsym";
				ENABLE_NS_ASSERTIONS = NO;
				ENABLE_STRICT_OBJC_MSGSEND = YES;
				GCC_C_LANGUAGE_STANDARD = gnu11;
				GCC_NO_COMMON_BLOCKS = YES;
				GCC_WARN_64_TO_32_BIT_CONVERSION = YES;
				GCC_WARN_ABOUT_RETURN_TYPE = YES_ERROR;
				GCC_WARN_UNDECLARED_SELECTOR = YES;
				GCC_WARN_UNINITIALIZED_AUTOS = YES_AGGRESSIVE;
				GCC_WARN_UNUSED_FUNCTION = YES;
				GCC_WARN_UNUSED_VARIABLE = YES;
				IPHONEOS_DEPLOYMENT_TARGET = 13.0;
				MTL_ENABLE_DEBUG_INFO = NO;
				MTL_FAST_MATH = YES;
				SDKROOT = iphoneos;
				SWIFT_COMPILATION_MODE = wholemodule;
				SWIFT_OPTIMIZATION_LEVEL = "-O";
				VALIDATE_PRODUCT = YES;
			};
			name = Release;
		};
		FC53E290233E5DBC002CA74C /* Debug */ = {
			isa = XCBuildConfiguration;
			buildSettings = {
				ASSETCATALOG_COMPILER_APPICON_NAME = AppIcon;
				CODE_SIGN_STYLE = Automatic;
				INFOPLIST_FILE = ShoppingList/Info.plist;
				LD_RUNPATH_SEARCH_PATHS = (
					"$(inherited)",
					"@executable_path/Frameworks",
				);
				PRODUCT_BUNDLE_IDENTIFIER = com.example.ShoppingList;
				PRODUCT_NAME = "$(TARGET_NAME)";
				SWIFT_VERSION = 5.0;
				TARGETED_DEVICE_FAMILY = "1,2";
			};
			name = Debug;
		};
		FC53E291233E5DBC002CA74C /* Release */ = {
			isa = XCBuildConfiguration;
			buildSettings = {
				ASSETCATALOG_COMPILER_APPICON_NAME = AppIcon;
				CODE_SIGN_STYLE = Automatic;
				INFOPLIST_FILE = ShoppingList/Info.plist;
				LD_RUNPATH_SEARCH_PATHS = (
					"$(inherited)",
					"@executable_path/Frameworks",
				);
				PRODUCT_BUNDLE_IDENTIFIER = com.example.ShoppingList;
				PRODUCT_NAME = "$(TARGET_NAME)";
				SWIFT_VERSION = 5.0;
				TARGETED_DEVICE_FAMILY = "1,2";
			};
			name = Release;
		};
/* End XCBuildConfiguration section */

/* Begin XCConfigurationList section */
		FC53E273233E5DB5002CA74C /* Build configuration list for PBXProject "ShoppingList" */ = {
			isa = XCConfigurationList;
			buildConfigurations = (
				FC53E28D233E5DBC002CA74C /* Debug */,
				FC53E28E233E5DBC002CA74C /* Release */,
			);
			defaultConfigurationIsVisible = 0;
			defaultConfigurationName = Release;
		};
		FC53E28F233E5DBC002CA74C /* Build configuration list for PBXNativeTarget "ShoppingList" */ = {
			isa = XCConfigurationList;
			buildConfigurations = (
				FC53E290233E5DBC002CA74C /* Debug */,
				FC53E291233E5DBC002CA74C /* Release */,
			);
			defaultConfigurationIsVisible = 0;
			defaultConfigurationName = Release;
		};
/* End XCConfigurationList section */

/* Begin XCVersionGroup section */
		FC53E284233E5DB6002CA74C /* ShoppingList.xcdatamodeld */ = {
			isa = XCVersionGroup;
			children = (
				FC53E285233E5DB6002CA74C /* ShoppingList.xcdatamodel */,
			);
			currentVersion = FC53E285233E5DB6002CA74C /* ShoppingList.xcdatamodel */;
			path = ShoppingList.xcdatamodeld;
			sourceTree = "<group>";
			versionGroupType = wrapper.xcdatamodel;
		};
/* End XCVersionGroup section */
	};
	rootObject = FC53E270233E5DB5002CA74C /* Project object */;
}
